
Microsoft Visual Studio Solution File, Format Version 12.00
# Visual Studio Version 17
VisualStudioVersion = 17.11.35208.52
MinimumVisualStudioVersion = 10.0.40219.1
Project("{FAE04EC0-301F-11D3-BF4B-00C04F79EFBC}") = "WindowsFormsApp1TEST", "WindowsFormsApp1TEST\WindowsFormsApp1TEST.csproj", "{0D2C324B-0304-4094-9349-9C9CE06B7472}"
EndProject
Global
	GlobalSection(SolutionConfigurationPlatforms) = preSolution
		Debug|Any CPU = Debug|Any CPU
		Release|Any CPU = Release|Any CPU
	EndGlobalSection
	GlobalSection(ProjectConfigurationPlatforms) = postSolution
		{0D2C324B-0304-4094-9349-9C9CE06B7472}.Debug|Any CPU.ActiveCfg = Debug|Any CPU
		{0D2C324B-0304-4094-9349-9C9CE06B7472}.Debug|Any CPU.Build.0 = Debug|Any CPU
		{0D2C324B-0304-4094-9349-9C9CE06B7472}.Release|Any CPU.ActiveCfg = Release|Any CPU
		{0D2C324B-0304-4094-9349-9C9CE06B7472}.Release|Any CPU.Build.0 = Release|Any CPU
	EndGlobalSection
	GlobalSection(SolutionProperties) = preSolution
		HideSolutionNode = FALSE
	EndGlobalSection
	GlobalSection(ExtensibilityGlobals) = postSolution
		SolutionGuid = {66612EDE-C1F3-45BE-8651-A9C0A632ED4B}
	EndGlobalSection
EndGlobal
